// !$*UTF8*$!
{
	archiveVersion = 1;
	classes = {
	};
	objectVersion = 46;
	objects = {

/* Begin PBXBuildFile section */
		183CEFE31E1104A30087AB70 /* main.m in Sources */ = {isa = PBXBuildFile; fileRef = 183CEFE21E1104A30087AB70 /* main.m */; };
		183CEFE61E1104A30087AB70 /* AppDelegate.m in Sources */ = {isa = PBXBuildFile; fileRef = 183CEFE51E1104A30087AB70 /* AppDelegate.m */; };
		183CEFE91E1104A30087AB70 /* ViewController.m in Sources */ = {isa = PBXBuildFile; fileRef = 183CEFE81E1104A30087AB70 /* ViewController.m */; };
		183CEFEC1E1104A30087AB70 /* Main.storyboard in Resources */ = {isa = PBXBuildFile; fileRef = 183CEFEA1E1104A30087AB70 /* Main.storyboard */; };
		183CEFEE1E1104A30087AB70 /* Assets.xcassets in Resources */ = {isa = PBXBuildFile; fileRef = 183CEFED1E1104A30087AB70 /* Assets.xcassets */; };
		183CEFF11E1104A30087AB70 /* LaunchScreen.storyboard in Resources */ = {isa = PBXBuildFile; fileRef = 183CEFEF1E1104A30087AB70 /* LaunchScreen.storyboard */; };
		183CEFFC1E1104A30087AB70 /* wifiTests.m in Sources */ = {isa = PBXBuildFile; fileRef = 183CEFFB1E1104A30087AB70 /* wifiTests.m */; };
		183CF0071E1104A30087AB70 /* wifiUITests.m in Sources */ = {isa = PBXBuildFile; fileRef = 183CF0061E1104A30087AB70 /* wifiUITests.m */; };
		183CF0161E1108F00087AB70 /* MYView.m in Sources */ = {isa = PBXBuildFile; fileRef = 183CF0151E1108F00087AB70 /* MYView.m */; };
/* End PBXBuildFile section */

/* Begin PBXContainerItemProxy section */
		183CEFF81E1104A30087AB70 /* PBXContainerItemProxy */ = {
			isa = PBXContainerItemProxy;
			containerPortal = 183CEFD61E1104A30087AB70 /* Project object */;
			proxyType = 1;
			remoteGlobalIDString = 183CEFDD1E1104A30087AB70;
			remoteInfo = wifi;
		};
		183CF0031E1104A30087AB70 /* PBXContainerItemProxy */ = {
			isa = PBXContainerItemProxy;
			containerPortal = 183CEFD61E1104A30087AB70 /* Project object */;
			proxyType = 1;
			remoteGlobalIDString = 183CEFDD1E1104A30087AB70;
			remoteInfo = wifi;
		};
/* End PBXContainerItemProxy section */

/* Begin PBXFileReference section */
		183CEFDE1E1104A30087AB70 /* wifi.app */ = {isa = PBXFileReference; explicitFileType = wrapper.application; includeInIndex = 0; path = wifi.app; sourceTree = BUILT_PRODUCTS_DIR; };
		183CEFE21E1104A30087AB70 /* main.m */ = {isa = PBXFileReference; lastKnownFileType = sourcecode.c.objc; path = main.m; sourceTree = "<group>"; };
		183CEFE41E1104A30087AB70 /* AppDelegate.h */ = {isa = PBXFileReference; lastKnownFileType = sourcecode.c.h; path = AppDelegate.h; sourceTree = "<group>"; };
		183CEFE51E1104A30087AB70 /* AppDelegate.m */ = {isa = PBXFileReference; lastKnownFileType = sourcecode.c.objc; path = AppDelegate.m; sourceTree = "<group>"; };
		183CEFE71E1104A30087AB70 /* ViewController.h */ = {isa = PBXFileReference; lastKnownFileType = sourcecode.c.h; path = ViewController.h; sourceTree = "<group>"; };
		183CEFE81E1104A30087AB70 /* ViewController.m */ = {isa = PBXFileReference; lastKnownFileType = sourcecode.c.objc; path = ViewController.m; sourceTree = "<group>"; };
		183CEFEB1E1104A30087AB70 /* Base */ = {isa = PBXFileReference; lastKnownFileType = file.storyboard; name = Base; path = Base.lproj/Main.storyboard; sourceTree = "<group>"; };
		183CEFED1E1104A30087AB70 /* Assets.xcassets */ = {isa = PBXFileReference; lastKnownFileType = folder.assetcatalog; path = Assets.xcassets; sourceTree = "<group>"; };
		183CEFF01E1104A30087AB70 /* Base */ = {isa = PBXFileReference; lastKnownFileType = file.storyboard; name = Base; path = Base.lproj/LaunchScreen.storyboard; sourceTree = "<group>"; };
		183CEFF21E1104A30087AB70 /* Info.plist */ = {isa = PBXFileReference; lastKnownFileType = text.plist.xml; path = Info.plist; sourceTree = "<group>"; };
		183CEFF71E1104A30087AB70 /* wifiTests.xctest */ = {isa = PBXFileReference; explicitFileType = wrapper.cfbundle; includeInIndex = 0; path = wifiTests.xctest; sourceTree = BUILT_PRODUCTS_DIR; };
		183CEFFB1E1104A30087AB70 /* wifiTests.m */ = {isa = PBXFileReference; lastKnownFileType = sourcecode.c.objc; path = wifiTests.m; sourceTree = "<group>"; };
		183CEFFD1E1104A30087AB70 /* Info.plist */ = {isa = PBXFileReference; lastKnownFileType = text.plist.xml; path = Info.plist; sourceTree = "<group>"; };
		183CF0021E1104A30087AB70 /* wifiUITests.xctest */ = {isa = PBXFileReference; explicitFileType = wrapper.cfbundle; includeInIndex = 0; path = wifiUITests.xctest; sourceTree = BUILT_PRODUCTS_DIR; };
		183CF0061E1104A30087AB70 /* wifiUITests.m */ = {isa = PBXFileReference; lastKnownFileType = sourcecode.c.objc; path = wifiUITests.m; sourceTree = "<group>"; };
		183CF0081E1104A30087AB70 /* Info.plist */ = {isa = PBXFileReference; lastKnownFileType = text.plist.xml; path = Info.plist; sourceTree = "<group>"; };
		183CF0141E1108F00087AB70 /* MYView.h */ = {isa = PBXFileReference; fileEncoding = 4; lastKnownFileType = sourcecode.c.h; path = MYView.h; sourceTree = "<group>"; };
		183CF0151E1108F00087AB70 /* MYView.m */ = {isa = PBXFileReference; fileEncoding = 4; lastKnownFileType = sourcecode.c.objc; path = MYView.m; sourceTree = "<group>"; };
/* End PBXFileReference section */

/* Begin PBXFrameworksBuildPhase section */
		183CEFDB1E1104A30087AB70 /* Frameworks */ = {
			isa = PBXFrameworksBuildPhase;
			buildActionMask = 2147483647;
			files = (
			);
			runOnlyForDeploymentPostprocessing = 0;
		};
		183CEFF41E1104A30087AB70 /* Frameworks */ = {
			isa = PBXFrameworksBuildPhase;
			buildActionMask = 2147483647;
			files = (
			);
			runOnlyForDeploymentPostprocessing = 0;
		};
		183CEFFF1E1104A30087AB70 /* Frameworks */ = {
			isa = PBXFrameworksBuildPhase;
			buildActionMask = 2147483647;
			files = (
			);
			runOnlyForDeploymentPostprocessing = 0;
		};
/* End PBXFrameworksBuildPhase section */

/* Begin PBXGroup section */
		183CEFD51E1104A30087AB70 = {
			isa = PBXGroup;
			children = (
				183CEFE01E1104A30087AB70 /* wifi */,
				183CEFFA1E1104A30087AB70 /* wifiTests */,
				183CF0051E1104A30087AB70 /* wifiUITests */,
				183CEFDF1E1104A30087AB70 /* Products */,
			);
			sourceTree = "<group>";
		};
		183CEFDF1E1104A30087AB70 /* Products */ = {
			isa = PBXGroup;
			children = (
				183CEFDE1E1104A30087AB70 /* wifi.app */,
				183CEFF71E1104A30087AB70 /* wifiTests.xctest */,
				183CF0021E1104A30087AB70 /* wifiUITests.xctest */,
			);
			name = Products;
			sourceTree = "<group>";
		};
		183CEFE01E1104A30087AB70 /* wifi */ = {
			isa = PBXGroup;
			children = (
				183CEFE41E1104A30087AB70 /* AppDelegate.h */,
				183CEFE51E1104A30087AB70 /* AppDelegate.m */,
				183CEFE71E1104A30087AB70 /* ViewController.h */,
				183CEFE81E1104A30087AB70 /* ViewController.m */,
				183CEFEA1E1104A30087AB70 /* Main.storyboard */,
				183CEFED1E1104A30087AB70 /* Assets.xcassets */,
				183CEFEF1E1104A30087AB70 /* LaunchScreen.storyboard */,
				183CEFF21E1104A30087AB70 /* Info.plist */,
				183CEFE11E1104A30087AB70 /* Supporting Files */,
				183CF0141E1108F00087AB70 /* MYView.h */,
				183CF0151E1108F00087AB70 /* MYView.m */,
			);
			path = wifi;
			sourceTree = "<group>";
		};
		183CEFE11E1104A30087AB70 /* Supporting Files */ = {
			isa = PBXGroup;
			children = (
				183CEFE21E1104A30087AB70 /* main.m */,
			);
			name = "Supporting Files";
			sourceTree = "<group>";
		};
		183CEFFA1E1104A30087AB70 /* wifiTests */ = {
			isa = PBXGroup;
			children = (
				183CEFFB1E1104A30087AB70 /* wifiTests.m */,
				183CEFFD1E1104A30087AB70 /* Info.plist */,
			);
			path = wifiTests;
			sourceTree = "<group>";
		};
		183CF0051E1104A30087AB70 /* wifiUITests */ = {
			isa = PBXGroup;
			children = (
				183CF0061E1104A30087AB70 /* wifiUITests.m */,
				183CF0081E1104A30087AB70 /* Info.plist */,
			);
			path = wifiUITests;
			sourceTree = "<group>";
		};
/* End PBXGroup section */

/* Begin PBXNativeTarget section */
		183CEFDD1E1104A30087AB70 /* wifi */ = {
			isa = PBXNativeTarget;
			buildConfigurationList = 183CF00B1E1104A30087AB70 /* Build configuration list for PBXNativeTarget "wifi" */;
			buildPhases = (
				183CEFDA1E1104A30087AB70 /* Sources */,
				183CEFDB1E1104A30087AB70 /* Frameworks */,
				183CEFDC1E1104A30087AB70 /* Resources */,
			);
			buildRules = (
			);
			dependencies = (
			);
			name = wifi;
			productName = wifi;
			productReference = 183CEFDE1E1104A30087AB70 /* wifi.app */;
			productType = "com.apple.product-type.application";
		};
		183CEFF61E1104A30087AB70 /* wifiTests */ = {
			isa = PBXNativeTarget;
			buildConfigurationList = 183CF00E1E1104A30087AB70 /* Build configuration list for PBXNativeTarget "wifiTests" */;
			buildPhases = (
				183CEFF31E1104A30087AB70 /* Sources */,
				183CEFF41E1104A30087AB70 /* Frameworks */,
				183CEFF51E1104A30087AB70 /* Resources */,
			);
			buildRules = (
			);
			dependencies = (
				183CEFF91E1104A30087AB70 /* PBXTargetDependency */,
			);
			name = wifiTests;
			productName = wifiTests;
			productReference = 183CEFF71E1104A30087AB70 /* wifiTests.xctest */;
			productType = "com.apple.product-type.bundle.unit-test";
		};
		183CF0011E1104A30087AB70 /* wifiUITests */ = {
			isa = PBXNativeTarget;
			buildConfigurationList = 183CF0111E1104A30087AB70 /* Build configuration list for PBXNativeTarget "wifiUITests" */;
			buildPhases = (
				183CEFFE1E1104A30087AB70 /* Sources */,
				183CEFFF1E1104A30087AB70 /* Frameworks */,
				183CF0001E1104A30087AB70 /* Resources */,
			);
			buildRules = (
			);
			dependencies = (
				183CF0041E1104A30087AB70 /* PBXTargetDependency */,
			);
			name = wifiUITests;
			productName = wifiUITests;
			productReference = 183CF0021E1104A30087AB70 /* wifiUITests.xctest */;
			productType = "com.apple.product-type.bundle.ui-testing";
		};
/* End PBXNativeTarget section */

/* Begin PBXProject section */
		183CEFD61E1104A30087AB70 /* Project object */ = {
			isa = PBXProject;
			attributes = {
				LastUpgradeCheck = 0800;
				ORGANIZATIONNAME = apple;
				TargetAttributes = {
					183CEFDD1E1104A30087AB70 = {
						CreatedOnToolsVersion = 8.0;
						DevelopmentTeam = S7U7Q7B8D6;
						ProvisioningStyle = Automatic;
					};
					183CEFF61E1104A30087AB70 = {
						CreatedOnToolsVersion = 8.0;
						DevelopmentTeam = S7U7Q7B8D6;
						ProvisioningStyle = Automatic;
						TestTargetID = 183CEFDD1E1104A30087AB70;
					};
					183CF0011E1104A30087AB70 = {
						CreatedOnToolsVersion = 8.0;
						DevelopmentTeam = S7U7Q7B8D6;
						ProvisioningStyle = Automatic;
						TestTargetID = 183CEFDD1E1104A30087AB70;
					};
				};
			};
			buildConfigurationList = 183CEFD91E1104A30087AB70 /* Build configuration list for PBXProject "wifi" */;
			compatibilityVersion = "Xcode 3.2";
			developmentRegion = English;
			hasScannedForEncodings = 0;
			knownRegions = (
				en,
				Base,
			);
			mainGroup = 183CEFD51E1104A30087AB70;
			productRefGroup = 183CEFDF1E1104A30087AB70 /* Products */;
			projectDirPath = "";
			projectRoot = "";
			targets = (
				183CEFDD1E1104A30087AB70 /* wifi */,
				183CEFF61E1104A30087AB70 /* wifiTests */,
				183CF0011E1104A30087AB70 /* wifiUITests */,
			);
		};
/* End PBXProject section */

/* Begin PBXResourcesBuildPhase section */
		183CEFDC1E1104A30087AB70 /* Resources */ = {
			isa = PBXResourcesBuildPhase;
			buildActionMask = 2147483647;
			files = (
				183CEFF11E1104A30087AB70 /* LaunchScreen.storyboard in Resources */,
				183CEFEE1E1104A30087AB70 /* Assets.xcassets in Resources */,
				183CEFEC1E1104A30087AB70 /* Main.storyboard in Resources */,
			);
			runOnlyForDeploymentPostprocessing = 0;
		};
		183CEFF51E1104A30087AB70 /* Resources */ = {
			isa = PBXResourcesBuildPhase;
			buildActionMask = 2147483647;
			files = (
			);
			runOnlyForDeploymentPostprocessing = 0;
		};
		183CF0001E1104A30087AB70 /* Resources */ = {
			isa = PBXResourcesBuildPhase;
			buildActionMask = 2147483647;
			files = (
			);
			runOnlyForDeploymentPostprocessing = 0;
		};
/* End PBXResourcesBuildPhase section */

/* Begin PBXSourcesBuildPhase section */
		183CEFDA1E1104A30087AB70 /* Sources */ = {
			isa = PBXSourcesBuildPhase;
			buildActionMask = 2147483647;
			files = (
				183CF0161E1108F00087AB70 /* MYView.m in Sources */,
				183CEFE91E1104A30087AB70 /* ViewController.m in Sources */,
				183CEFE61E1104A30087AB70 /* AppDelegate.m in Sources */,
				183CEFE31E1104A30087AB70 /* main.m in Sources */,
			);
			runOnlyForDeploymentPostprocessing = 0;
		};
		183CEFF31E1104A30087AB70 /* Sources */ = {
			isa = PBXSourcesBuildPhase;
			buildActionMask = 2147483647;
			files = (
				183CEFFC1E1104A30087AB70 /* wifiTests.m in Sources */,
			);
			runOnlyForDeploymentPostprocessing = 0;
		};
		183CEFFE1E1104A30087AB70 /* Sources */ = {
			isa = PBXSourcesBuildPhase;
			buildActionMask = 2147483647;
			files = (
				183CF0071E1104A30087AB70 /* wifiUITests.m in Sources */,
			);
			runOnlyForDeploymentPostprocessing = 0;
		};
/* End PBXSourcesBuildPhase section */

/* Begin PBXTargetDependency section */
		183CEFF91E1104A30087AB70 /* PBXTargetDependency */ = {
			isa = PBXTargetDependency;
			target = 183CEFDD1E1104A30087AB70 /* wifi */;
			targetProxy = 183CEFF81E1104A30087AB70 /* PBXContainerItemProxy */;
		};
		183CF0041E1104A30087AB70 /* PBXTargetDependency */ = {
			isa = PBXTargetDependency;
			target = 183CEFDD1E1104A30087AB70 /* wifi */;
			targetProxy = 183CF0031E1104A30087AB70 /* PBXContainerItemProxy */;
		};
/* End PBXTargetDependency section */

/* Begin PBXVariantGroup section */
		183CEFEA1E1104A30087AB70 /* Main.storyboard */ = {
			isa = PBXVariantGroup;
			children = (
				183CEFEB1E1104A30087AB70 /* Base */,
			);
			name = Main.storyboard;
			sourceTree = "<group>";
		};
		183CEFEF1E1104A30087AB70 /* LaunchScreen.storyboard */ = {
			isa = PBXVariantGroup;
			children = (
				183CEFF01E1104A30087AB70 /* Base */,
			);
			name = LaunchScreen.storyboard;
			sourceTree = "<group>";
		};
/* End PBXVariantGroup section */

/* Begin XCBuildConfiguration section */
		183CF0091E1104A30087AB70 /* Debug */ = {
			isa = XCBuildConfiguration;
			buildSettings = {
				ALWAYS_SEARCH_USER_PATHS = NO;
				CLANG_ANALYZER_NONNULL = YES;
				CLANG_CXX_LANGUAGE_STANDARD = "gnu++0x";
				CLANG_CXX_LIBRARY = "libc++";
				CLANG_ENABLE_MODULES = YES;
				CLANG_ENABLE_OBJC_ARC = YES;
				CLANG_WARN_BOOL_CONVERSION = YES;
				CLANG_WARN_CONSTANT_CONVERSION = YES;
				CLANG_WARN_DIRECT_OBJC_ISA_USAGE = YES_ERROR;
				CLANG_WARN_DOCUMENTATION_COMMENTS = YES;
				CLANG_WARN_EMPTY_BODY = YES;
				CLANG_WARN_ENUM_CONVERSION = YES;
				CLANG_WARN_INFINITE_RECURSION = YES;
				CLANG_WARN_INT_CONVERSION = YES;
				CLANG_WARN_OBJC_ROOT_CLASS = YES_ERROR;
				CLANG_WARN_SUSPICIOUS_MOVES = YES;
				CLANG_WARN_UNREACHABLE_CODE = YES;
				CLANG_WARN__DUPLICATE_METHOD_MATCH = YES;
				"CODE_SIGN_IDENTITY[sdk=iphoneos*]" = "iPhone Developer";
				COPY_PHASE_STRIP = NO;
				DEBUG_INFORMATION_FORMAT = dwarf;
				ENABLE_STRICT_OBJC_MSGSEND = YES;
				ENABLE_TESTABILITY = YES;
				GCC_C_LANGUAGE_STANDARD = gnu99;
				GCC_DYNAMIC_NO_PIC = NO;
				GCC_NO_COMMON_BLOCKS = YES;
				GCC_OPTIMIZATION_LEVEL = 0;
				GCC_PREPROCESSOR_DEFINITIONS = (
					"DEBUG=1",
					"$(inherited)",
				);
				GCC_WARN_64_TO_32_BIT_CONVERSION = YES;
				GCC_WARN_ABOUT_RETURN_TYPE = YES_ERROR;
				GCC_WARN_UNDECLARED_SELECTOR = YES;
				GCC_WARN_UNINITIALIZED_AUTOS = YES_AGGRESSIVE;
				GCC_WARN_UNUSED_FUNCTION = YES;
				GCC_WARN_UNUSED_VARIABLE = YES;
				IPHONEOS_DEPLOYMENT_TARGET = 10.0;
				MTL_ENABLE_DEBUG_INFO = YES;
				ONLY_ACTIVE_ARCH = YES;
				SDKROOT = iphoneos;
				TARGETED_DEVICE_FAMILY = "1,2";
			};
			name = Debug;
		};
		183CF00A1E1104A30087AB70 /* Release */ = {
			isa = XCBuildConfiguration;
			buildSettings = {
				ALWAYS_SEARCH_USER_PATHS = NO;
				CLANG_ANALYZER_NONNULL = YES;
				CLANG_CXX_LANGUAGE_STANDARD = "gnu++0x";
				CLANG_CXX_LIBRARY = "libc++";
				CLANG_ENABLE_MODULES = YES;
				CLANG_ENABLE_OBJC_ARC = YES;
				CLANG_WARN_BOOL_CONVERSION = YES;
				CLANG_WARN_CONSTANT_CONVERSION = YES;
				CLANG_WARN_DIRECT_OBJC_ISA_USAGE = YES_ERROR;
				CLANG_WARN_DOCUMENTATION_COMMENTS = YES;
				CLANG_WARN_EMPTY_BODY = YES;
				CLANG_WARN_ENUM_CONVERSION = YES;
				CLANG_WARN_INFINITE_RECURSION = YES;
				CLANG_WARN_INT_CONVERSION = YES;
				CLANG_WARN_OBJC_ROOT_CLASS = YES_ERROR;
				CLANG_WARN_SUSPICIOUS_MOVES = YES;
				CLANG_WARN_UNREACHABLE_CODE = YES;
				CLANG_WARN__DUPLICATE_METHOD_MATCH = YES;
				"CODE_SIGN_IDENTITY[sdk=iphoneos*]" = "iPhone Developer";
				COPY_PHASE_STRIP = NO;
				DEBUG_INFORMATION_FORMAT = "dwarf-with-dsym";
				ENABLE_NS_ASSERTIONS = NO;
				ENABLE_STRICT_OBJC_MSGSEND = YES;
				GCC_C_LANGUAGE_STANDARD = gnu99;
				GCC_NO_COMMON_BLOCKS = YES;
				GCC_WARN_64_TO_32_BIT_CONVERSION = YES;
				GCC_WARN_ABOUT_RETURN_TYPE = YES_ERROR;
				GCC_WARN_UNDECLARED_SELECTOR = YES;
				GCC_WARN_UNINITIALIZED_AUTOS = YES_AGGRESSIVE;
				GCC_WARN_UNUSED_FUNCTION = YES;
				GCC_WARN_UNUSED_VARIABLE = YES;
				IPHONEOS_DEPLOYMENT_TARGET = 10.0;
				MTL_ENABLE_DEBUG_INFO = NO;
				SDKROOT = iphoneos;
				TARGETED_DEVICE_FAMILY = "1,2";
				VALIDATE_PRODUCT = YES;
			};
			name = Release;
		};
		183CF00C1E1104A30087AB70 /* Debug */ = {
			isa = XCBuildConfiguration;
			buildSettings = {
				ASSETCATALOG_COMPILER_APPICON_NAME = AppIcon;
				DEVELOPMENT_TEAM = S7U7Q7B8D6;
				INFOPLIST_FILE = wifi/Info.plist;
				IPHONEOS_DEPLOYMENT_TARGET = 8;
				LD_RUNPATH_SEARCH_PATHS = "$(inherited) @executable_path/Frameworks";
				PRODUCT_BUNDLE_IDENTIFIER = com.gxccid.wifi;
				PRODUCT_NAME = "$(TARGET_NAME)";
			};
			name = Debug;
		};
		183CF00D1E1104A30087AB70 /* Release */ = {
			isa = XCBuildConfiguration;
			buildSettings = {
				ASSETCATALOG_COMPILER_APPICON_NAME = AppIcon;
				DEVELOPMENT_TEAM = S7U7Q7B8D6;
				INFOPLIST_FILE = wifi/Info.plist;
				IPHONEOS_DEPLOYMENT_TARGET = 8;
				LD_RUNPATH_SEARCH_PATHS = "$(inherited) @executable_path/Frameworks";
				PRODUCT_BUNDLE_IDENTIFIER = com.gxccid.wifi;
				PRODUCT_NAME = "$(TARGET_NAME)";
			};
			name = Release;
		};
		183CF00F1E1104A30087AB70 /* Debug */ = {
			isa = XCBuildConfiguration;
			buildSettings = {
				BUNDLE_LOADER = "$(TEST_HOST)";
				DEVELOPMENT_TEAM = S7U7Q7B8D6;
				INFOPLIST_FILE = wifiTests/Info.plist;
				LD_RUNPATH_SEARCH_PATHS = "$(inherited) @executable_path/Frameworks @loader_path/Frameworks";
				PRODUCT_BUNDLE_IDENTIFIER = com.gxccid.wifiTests;
				PRODUCT_NAME = "$(TARGET_NAME)";
				TEST_HOST = "$(BUILT_PRODUCTS_DIR)/wifi.app/wifi";
			};
			name = Debug;
		};
		183CF0101E1104A30087AB70 /* Release */ = {
			isa = XCBuildConfiguration;
			buildSettings = {
				BUNDLE_LOADER = "$(TEST_HOST)";
				DEVELOPMENT_TEAM = S7U7Q7B8D6;
				INFOPLIST_FILE = wifiTests/Info.plist;
				LD_RUNPATH_SEARCH_PATHS = "$(inherited) @executable_path/Frameworks @loader_path/Frameworks";
				PRODUCT_BUNDLE_IDENTIFIER = com.gxccid.wifiTests;
				PRODUCT_NAME = "$(TARGET_NAME)";
				TEST_HOST = "$(BUILT_PRODUCTS_DIR)/wifi.app/wifi";
			};
			name = Release;
		};
		183CF0121E1104A30087AB70 /* Debug */ = {
			isa = XCBuildConfiguration;
			buildSettings = {
				DEVELOPMENT_TEAM = S7U7Q7B8D6;
				INFOPLIST_FILE = wifiUITests/Info.plist;
				LD_RUNPATH_SEARCH_PATHS = "$(inherited) @executable_path/Frameworks @loader_path/Frameworks";
				PRODUCT_BUNDLE_IDENTIFIER = com.gxccid.wifiUITests;
				PRODUCT_NAME = "$(TARGET_NAME)";
				TEST_TARGET_NAME = wifi;
			};
			name = Debug;
		};
		183CF0131E1104A30087AB70 /* Release */ = {
			isa = XCBuildConfiguration;
			buildSettings = {
				DEVELOPMENT_TEAM = S7U7Q7B8D6;
				INFOPLIST_FILE = wifiUITests/Info.plist;
				LD_RUNPATH_SEARCH_PATHS = "$(inherited) @executable_path/Frameworks @loader_path/Frameworks";
				PRODUCT_BUNDLE_IDENTIFIER = com.gxccid.wifiUITests;
				PRODUCT_NAME = "$(TARGET_NAME)";
				TEST_TARGET_NAME = wifi;
			};
			name = Release;
		};
/* End XCBuildConfiguration section */

/* Begin XCConfigurationList section */
		183CEFD91E1104A30087AB70 /* Build configuration list for PBXProject "wifi" */ = {
			isa = XCConfigurationList;
			buildConfigurations = (
				183CF0091E1104A30087AB70 /* Debug */,
				183CF00A1E1104A30087AB70 /* Release */,
			);
			defaultConfigurationIsVisible = 0;
			defaultConfigurationName = Release;
		};
		183CF00B1E1104A30087AB70 /* Build configuration list for PBXNativeTarget "wifi" */ = {
			isa = XCConfigurationList;
			buildConfigurations = (
				183CF00C1E1104A30087AB70 /* Debug */,
				183CF00D1E1104A30087AB70 /* Release */,
			);
			defaultConfigurationIsVisible = 0;
			defaultConfigurationName = Release;
		};
		183CF00E1E1104A30087AB70 /* Build configuration list for PBXNativeTarget "wifiTests" */ = {
			isa = XCConfigurationList;
			buildConfigurations = (
				183CF00F1E1104A30087AB70 /* Debug */,
				183CF0101E1104A30087AB70 /* Release */,
			);
			defaultConfigurationIsVisible = 0;
			defaultConfigurationName = Release;
		};
		183CF0111E1104A30087AB70 /* Build configuration list for PBXNativeTarget "wifiUITests" */ = {
			isa = XCConfigurationList;
			buildConfigurations = (
				183CF0121E1104A30087AB70 /* Debug */,
				183CF0131E1104A30087AB70 /* Release */,
			);
			defaultConfigurationIsVisible = 0;
			defaultConfigurationName = Release;
		};
/* End XCConfigurationList section */
	};
	rootObject = 183CEFD61E1104A30087AB70 /* Project object */;
}
